// !$*UTF8*$!
{
	archiveVersion = 1;
	classes = {
	};
	objectVersion = 46;
	objects = {

/* Begin PBXBuildFile section */
		7604D5DC1E737E8500F802A2 /* QuestionManager.m in Sources */ = {isa = PBXBuildFile; fileRef = 7604D5DB1E737E8500F802A2 /* QuestionManager.m */; };
		7604D5DF1E73CC3D00F802A2 /* TimeInterval.m in Sources */ = {isa = PBXBuildFile; fileRef = 7604D5DE1E73CC3D00F802A2 /* TimeInterval.m */; };
		7604D5E21E748AAA00F802A2 /* Question.m in Sources */ = {isa = PBXBuildFile; fileRef = 7604D5E11E748AAA00F802A2 /* Question.m */; };
		7604D5E51E748FB400F802A2 /* SubtractionQuestion.m in Sources */ = {isa = PBXBuildFile; fileRef = 7604D5E41E748FB400F802A2 /* SubtractionQuestion.m */; };
		7604D5E81E748FD600F802A2 /* DivisionQuestion.m in Sources */ = {isa = PBXBuildFile; fileRef = 7604D5E71E748FD600F802A2 /* DivisionQuestion.m */; };
		7604D5EB1E748FE500F802A2 /* MultiplicationQuestion.m in Sources */ = {isa = PBXBuildFile; fileRef = 7604D5EA1E748FE500F802A2 /* MultiplicationQuestion.m */; };
		7604D5EE1E7498A400F802A2 /* QuestionFactory.m in Sources */ = {isa = PBXBuildFile; fileRef = 7604D5ED1E7498A400F802A2 /* QuestionFactory.m */; };
		7623CFB41E6F1857004C5691 /* main.m in Sources */ = {isa = PBXBuildFile; fileRef = 7623CFB31E6F1857004C5691 /* main.m */; };
		7623CFBC1E6F226D004C5691 /* AdditionQuestion.m in Sources */ = {isa = PBXBuildFile; fileRef = 7623CFBB1E6F226D004C5691 /* AdditionQuestion.m */; };
		7623CFBF1E6F2FCE004C5691 /* InputHandler.m in Sources */ = {isa = PBXBuildFile; fileRef = 7623CFBE1E6F2FCE004C5691 /* InputHandler.m */; };
		7623CFC21E6F3A64004C5691 /* ScoreKeeper.m in Sources */ = {isa = PBXBuildFile; fileRef = 7623CFC11E6F3A64004C5691 /* ScoreKeeper.m */; };
/* End PBXBuildFile section */

/* Begin PBXCopyFilesBuildPhase section */
		7623CFAE1E6F1857004C5691 /* CopyFiles */ = {
			isa = PBXCopyFilesBuildPhase;
			buildActionMask = 2147483647;
			dstPath = /usr/share/man/man1/;
			dstSubfolderSpec = 0;
			files = (
			);
			runOnlyForDeploymentPostprocessing = 1;
		};
/* End PBXCopyFilesBuildPhase section */

/* Begin PBXFileReference section */
		7604D5DA1E737E8500F802A2 /* QuestionManager.h */ = {isa = PBXFileReference; fileEncoding = 4; lastKnownFileType = sourcecode.c.h; path = QuestionManager.h; sourceTree = "<group>"; };
		7604D5DB1E737E8500F802A2 /* QuestionManager.m */ = {isa = PBXFileReference; fileEncoding = 4; lastKnownFileType = sourcecode.c.objc; path = QuestionManager.m; sourceTree = "<group>"; };
		7604D5DD1E73CC3D00F802A2 /* TimeInterval.h */ = {isa = PBXFileReference; fileEncoding = 4; lastKnownFileType = sourcecode.c.h; path = TimeInterval.h; sourceTree = "<group>"; };
		7604D5DE1E73CC3D00F802A2 /* TimeInterval.m */ = {isa = PBXFileReference; fileEncoding = 4; lastKnownFileType = sourcecode.c.objc; path = TimeInterval.m; sourceTree = "<group>"; };
		7604D5E01E748AAA00F802A2 /* Question.h */ = {isa = PBXFileReference; fileEncoding = 4; lastKnownFileType = sourcecode.c.h; path = Question.h; sourceTree = "<group>"; };
		7604D5E11E748AAA00F802A2 /* Question.m */ = {isa = PBXFileReference; fileEncoding = 4; lastKnownFileType = sourcecode.c.objc; path = Question.m; sourceTree = "<group>"; };
		7604D5E31E748FB400F802A2 /* SubtractionQuestion.h */ = {isa = PBXFileReference; fileEncoding = 4; lastKnownFileType = sourcecode.c.h; path = SubtractionQuestion.h; sourceTree = "<group>"; };
		7604D5E41E748FB400F802A2 /* SubtractionQuestion.m */ = {isa = PBXFileReference; fileEncoding = 4; lastKnownFileType = sourcecode.c.objc; path = SubtractionQuestion.m; sourceTree = "<group>"; };
		7604D5E61E748FD600F802A2 /* DivisionQuestion.h */ = {isa = PBXFileReference; fileEncoding = 4; lastKnownFileType = sourcecode.c.h; path = DivisionQuestion.h; sourceTree = "<group>"; };
		7604D5E71E748FD600F802A2 /* DivisionQuestion.m */ = {isa = PBXFileReference; fileEncoding = 4; lastKnownFileType = sourcecode.c.objc; path = DivisionQuestion.m; sourceTree = "<group>"; };
		7604D5E91E748FE500F802A2 /* MultiplicationQuestion.h */ = {isa = PBXFileReference; fileEncoding = 4; lastKnownFileType = sourcecode.c.h; path = MultiplicationQuestion.h; sourceTree = "<group>"; };
		7604D5EA1E748FE500F802A2 /* MultiplicationQuestion.m */ = {isa = PBXFileReference; fileEncoding = 4; lastKnownFileType = sourcecode.c.objc; path = MultiplicationQuestion.m; sourceTree = "<group>"; };
		7604D5EC1E7498A400F802A2 /* QuestionFactory.h */ = {isa = PBXFileReference; fileEncoding = 4; lastKnownFileType = sourcecode.c.h; path = QuestionFactory.h; sourceTree = "<group>"; };
		7604D5ED1E7498A400F802A2 /* QuestionFactory.m */ = {isa = PBXFileReference; fileEncoding = 4; lastKnownFileType = sourcecode.c.objc; path = QuestionFactory.m; sourceTree = "<group>"; };
		7623CFB01E6F1857004C5691 /* Maths */ = {isa = PBXFileReference; explicitFileType = "compiled.mach-o.executable"; includeInIndex = 0; path = Maths; sourceTree = BUILT_PRODUCTS_DIR; };
		7623CFB31E6F1857004C5691 /* main.m */ = {isa = PBXFileReference; lastKnownFileType = sourcecode.c.objc; path = main.m; sourceTree = "<group>"; };
		7623CFBA1E6F226D004C5691 /* AdditionQuestion.h */ = {isa = PBXFileReference; fileEncoding = 4; lastKnownFileType = sourcecode.c.h; path = AdditionQuestion.h; sourceTree = "<group>"; };
		7623CFBB1E6F226D004C5691 /* AdditionQuestion.m */ = {isa = PBXFileReference; fileEncoding = 4; lastKnownFileType = sourcecode.c.objc; path = AdditionQuestion.m; sourceTree = "<group>"; };
		7623CFBD1E6F2FCE004C5691 /* InputHandler.h */ = {isa = PBXFileReference; fileEncoding = 4; lastKnownFileType = sourcecode.c.h; path = InputHandler.h; sourceTree = "<group>"; };
		7623CFBE1E6F2FCE004C5691 /* InputHandler.m */ = {isa = PBXFileReference; fileEncoding = 4; lastKnownFileType = sourcecode.c.objc; path = InputHandler.m; sourceTree = "<group>"; };
		7623CFC01E6F3A64004C5691 /* ScoreKeeper.h */ = {isa = PBXFileReference; fileEncoding = 4; lastKnownFileType = sourcecode.c.h; path = ScoreKeeper.h; sourceTree = "<group>"; };
		7623CFC11E6F3A64004C5691 /* ScoreKeeper.m */ = {isa = PBXFileReference; fileEncoding = 4; lastKnownFileType = sourcecode.c.objc; path = ScoreKeeper.m; sourceTree = "<group>"; };
/* End PBXFileReference section */

/* Begin PBXFrameworksBuildPhase section */
		7623CFAD1E6F1857004C5691 /* Frameworks */ = {
			isa = PBXFrameworksBuildPhase;
			buildActionMask = 2147483647;
			files = (
			);
			runOnlyForDeploymentPostprocessing = 0;
		};
/* End PBXFrameworksBuildPhase section */

/* Begin PBXGroup section */
		7623CFA71E6F1857004C5691 = {
			isa = PBXGroup;
			children = (
				7623CFB21E6F1857004C5691 /* Maths */,
				7623CFB11E6F1857004C5691 /* Products */,
			);
			sourceTree = "<group>";
		};
		7623CFB11E6F1857004C5691 /* Products */ = {
			isa = PBXGroup;
			children = (
				7623CFB01E6F1857004C5691 /* Maths */,
			);
			name = Products;
			sourceTree = "<group>";
		};
		7623CFB21E6F1857004C5691 /* Maths */ = {
			isa = PBXGroup;
			children = (
				7623CFB31E6F1857004C5691 /* main.m */,
				7604D5E01E748AAA00F802A2 /* Question.h */,
				7604D5E11E748AAA00F802A2 /* Question.m */,
				7604D5EC1E7498A400F802A2 /* QuestionFactory.h */,
				7604D5ED1E7498A400F802A2 /* QuestionFactory.m */,
				7623CFBA1E6F226D004C5691 /* AdditionQuestion.h */,
				7623CFBB1E6F226D004C5691 /* AdditionQuestion.m */,
				7604D5E31E748FB400F802A2 /* SubtractionQuestion.h */,
				7604D5E41E748FB400F802A2 /* SubtractionQuestion.m */,
				7604D5E91E748FE500F802A2 /* MultiplicationQuestion.h */,
				7604D5EA1E748FE500F802A2 /* MultiplicationQuestion.m */,
				7604D5E61E748FD600F802A2 /* DivisionQuestion.h */,
				7604D5E71E748FD600F802A2 /* DivisionQuestion.m */,
				7604D5DD1E73CC3D00F802A2 /* TimeInterval.h */,
				7604D5DE1E73CC3D00F802A2 /* TimeInterval.m */,
				7604D5DA1E737E8500F802A2 /* QuestionManager.h */,
				7604D5DB1E737E8500F802A2 /* QuestionManager.m */,
				7623CFBD1E6F2FCE004C5691 /* InputHandler.h */,
				7623CFBE1E6F2FCE004C5691 /* InputHandler.m */,
				7623CFC01E6F3A64004C5691 /* ScoreKeeper.h */,
				7623CFC11E6F3A64004C5691 /* ScoreKeeper.m */,
			);
			path = Maths;
			sourceTree = "<group>";
		};
/* End PBXGroup section */

/* Begin PBXNativeTarget section */
		7623CFAF1E6F1857004C5691 /* Maths */ = {
			isa = PBXNativeTarget;
			buildConfigurationList = 7623CFB71E6F1857004C5691 /* Build configuration list for PBXNativeTarget "Maths" */;
			buildPhases = (
				7623CFAC1E6F1857004C5691 /* Sources */,
				7623CFAD1E6F1857004C5691 /* Frameworks */,
				7623CFAE1E6F1857004C5691 /* CopyFiles */,
			);
			buildRules = (
			);
			dependencies = (
			);
			name = Maths;
			productName = Maths;
			productReference = 7623CFB01E6F1857004C5691 /* Maths */;
			productType = "com.apple.product-type.tool";
		};
/* End PBXNativeTarget section */

/* Begin PBXProject section */
		7623CFA81E6F1857004C5691 /* Project object */ = {
			isa = PBXProject;
			attributes = {
				LastUpgradeCheck = 0820;
				ORGANIZATIONNAME = "David Guichon";
				TargetAttributes = {
					7623CFAF1E6F1857004C5691 = {
						CreatedOnToolsVersion = 8.2.1;
						ProvisioningStyle = Automatic;
					};
				};
			};
			buildConfigurationList = 7623CFAB1E6F1857004C5691 /* Build configuration list for PBXProject "Maths" */;
			compatibilityVersion = "Xcode 3.2";
			developmentRegion = English;
			hasScannedForEncodings = 0;
			knownRegions = (
				en,
			);
			mainGroup = 7623CFA71E6F1857004C5691;
			productRefGroup = 7623CFB11E6F1857004C5691 /* Products */;
			projectDirPath = "";
			projectRoot = "";
			targets = (
				7623CFAF1E6F1857004C5691 /* Maths */,
			);
		};
/* End PBXProject section */

/* Begin PBXSourcesBuildPhase section */
		7623CFAC1E6F1857004C5691 /* Sources */ = {
			isa = PBXSourcesBuildPhase;
			buildActionMask = 2147483647;
			files = (
				7604D5DC1E737E8500F802A2 /* QuestionManager.m in Sources */,
				7623CFC21E6F3A64004C5691 /* ScoreKeeper.m in Sources */,
				7623CFB41E6F1857004C5691 /* main.m in Sources */,
				7604D5EE1E7498A400F802A2 /* QuestionFactory.m in Sources */,
				7604D5DF1E73CC3D00F802A2 /* TimeInterval.m in Sources */,
				7604D5E21E748AAA00F802A2 /* Question.m in Sources */,
				7623CFBF1E6F2FCE004C5691 /* InputHandler.m in Sources */,
				7604D5E81E748FD600F802A2 /* DivisionQuestion.m in Sources */,
				7604D5EB1E748FE500F802A2 /* MultiplicationQuestion.m in Sources */,
				7604D5E51E748FB400F802A2 /* SubtractionQuestion.m in Sources */,
				7623CFBC1E6F226D004C5691 /* AdditionQuestion.m in Sources */,
			);
			runOnlyForDeploymentPostprocessing = 0;
		};
/* End PBXSourcesBuildPhase section */

/* Begin XCBuildConfiguration section */
		7623CFB51E6F1857004C5691 /* Debug */ = {
			isa = XCBuildConfiguration;
			buildSettings = {
				ALWAYS_SEARCH_USER_PATHS = NO;
				CLANG_ANALYZER_NONNULL = YES;
				CLANG_CXX_LANGUAGE_STANDARD = "gnu++0x";
				CLANG_CXX_LIBRARY = "libc++";
				CLANG_ENABLE_MODULES = YES;
				CLANG_ENABLE_OBJC_ARC = YES;
				CLANG_WARN_BOOL_CONVERSION = YES;
				CLANG_WARN_CONSTANT_CONVERSION = YES;
				CLANG_WARN_DIRECT_OBJC_ISA_USAGE = YES_ERROR;
				CLANG_WARN_DOCUMENTATION_COMMENTS = YES;
				CLANG_WARN_EMPTY_BODY = YES;
				CLANG_WARN_ENUM_CONVERSION = YES;
				CLANG_WARN_INFINITE_RECURSION = YES;
				CLANG_WARN_INT_CONVERSION = YES;
				CLANG_WARN_OBJC_ROOT_CLASS = YES_ERROR;
				CLANG_WARN_SUSPICIOUS_MOVE = YES;
				CLANG_WARN_UNREACHABLE_CODE = YES;
				CLANG_WARN__DUPLICATE_METHOD_MATCH = YES;
				CODE_SIGN_IDENTITY = "-";
				COPY_PHASE_STRIP = NO;
				DEBUG_INFORMATION_FORMAT = dwarf;
				ENABLE_STRICT_OBJC_MSGSEND = YES;
				ENABLE_TESTABILITY = YES;
				GCC_C_LANGUAGE_STANDARD = gnu99;
				GCC_DYNAMIC_NO_PIC = NO;
				GCC_NO_COMMON_BLOCKS = YES;
				GCC_OPTIMIZATION_LEVEL = 0;
				GCC_PREPROCESSOR_DEFINITIONS = (
					"DEBUG=1",
					"$(inherited)",
				);
				GCC_WARN_64_TO_32_BIT_CONVERSION = YES;
				GCC_WARN_ABOUT_RETURN_TYPE = YES_ERROR;
				GCC_WARN_UNDECLARED_SELECTOR = YES;
				GCC_WARN_UNINITIALIZED_AUTOS = YES_AGGRESSIVE;
				GCC_WARN_UNUSED_FUNCTION = YES;
				GCC_WARN_UNUSED_VARIABLE = YES;
				MACOSX_DEPLOYMENT_TARGET = 10.12;
				MTL_ENABLE_DEBUG_INFO = YES;
				ONLY_ACTIVE_ARCH = YES;
				SDKROOT = macosx;
			};
			name = Debug;
		};
		7623CFB61E6F1857004C5691 /* Release */ = {
			isa = XCBuildConfiguration;
			buildSettings = {
				ALWAYS_SEARCH_USER_PATHS = NO;
				CLANG_ANALYZER_NONNULL = YES;
				CLANG_CXX_LANGUAGE_STANDARD = "gnu++0x";
				CLANG_CXX_LIBRARY = "libc++";
				CLANG_ENABLE_MODULES = YES;
				CLANG_ENABLE_OBJC_ARC = YES;
				CLANG_WARN_BOOL_CONVERSION = YES;
				CLANG_WARN_CONSTANT_CONVERSION = YES;
				CLANG_WARN_DIRECT_OBJC_ISA_USAGE = YES_ERROR;
				CLANG_WARN_DOCUMENTATION_COMMENTS = YES;
				CLANG_WARN_EMPTY_BODY = YES;
				CLANG_WARN_ENUM_CONVERSION = YES;
				CLANG_WARN_INFINITE_RECURSION = YES;
				CLANG_WARN_INT_CONVERSION = YES;
				CLANG_WARN_OBJC_ROOT_CLASS = YES_ERROR;
				CLANG_WARN_SUSPICIOUS_MOVE = YES;
				CLANG_WARN_UNREACHABLE_CODE = YES;
				CLANG_WARN__DUPLICATE_METHOD_MATCH = YES;
				CODE_SIGN_IDENTITY = "-";
				COPY_PHASE_STRIP = NO;
				DEBUG_INFORMATION_FORMAT = "dwarf-with-dsym";
				ENABLE_NS_ASSERTIONS = NO;
				ENABLE_STRICT_OBJC_MSGSEND = YES;
				GCC_C_LANGUAGE_STANDARD = gnu99;
				GCC_NO_COMMON_BLOCKS = YES;
				GCC_WARN_64_TO_32_BIT_CONVERSION = YES;
				GCC_WARN_ABOUT_RETURN_TYPE = YES_ERROR;
				GCC_WARN_UNDECLARED_SELECTOR = YES;
				GCC_WARN_UNINITIALIZED_AUTOS = YES_AGGRESSIVE;
				GCC_WARN_UNUSED_FUNCTION = YES;
				GCC_WARN_UNUSED_VARIABLE = YES;
				MACOSX_DEPLOYMENT_TARGET = 10.12;
				MTL_ENABLE_DEBUG_INFO = NO;
				SDKROOT = macosx;
			};
			name = Release;
		};
		7623CFB81E6F1857004C5691 /* Debug */ = {
			isa = XCBuildConfiguration;
			buildSettings = {
				PRODUCT_NAME = "$(TARGET_NAME)";
			};
			name = Debug;
		};
		7623CFB91E6F1857004C5691 /* Release */ = {
			isa = XCBuildConfiguration;
			buildSettings = {
				PRODUCT_NAME = "$(TARGET_NAME)";
			};
			name = Release;
		};
/* End XCBuildConfiguration section */

/* Begin XCConfigurationList section */
		7623CFAB1E6F1857004C5691 /* Build configuration list for PBXProject "Maths" */ = {
			isa = XCConfigurationList;
			buildConfigurations = (
				7623CFB51E6F1857004C5691 /* Debug */,
				7623CFB61E6F1857004C5691 /* Release */,
			);
			defaultConfigurationIsVisible = 0;
			defaultConfigurationName = Release;
		};
		7623CFB71E6F1857004C5691 /* Build configuration list for PBXNativeTarget "Maths" */ = {
			isa = XCConfigurationList;
			buildConfigurations = (
				7623CFB81E6F1857004C5691 /* Debug */,
				7623CFB91E6F1857004C5691 /* Release */,
			);
			defaultConfigurationIsVisible = 0;
			defaultConfigurationName = Release;
		};
/* End XCConfigurationList section */
	};
	rootObject = 7623CFA81E6F1857004C5691 /* Project object */;
}
